{
    "compile": {
        "com.amazonaws:aws-java-sdk": {
            "locked": "1.10.59",
            "requested": "1.10.59"
        },
        "com.google.code.findbugs:jsr305": {
            "locked": "1.3.9",
            "requested": "1.3.9"
        },
        "com.google.guava:guava": {
            "locked": "19.0",
            "requested": "19.0"
        },
        "com.google.inject.extensions:guice-servlet": {
            "locked": "3.0",
            "requested": "3.0"
        },
        "com.google.inject:guice": {
            "locked": "3.0",
            "requested": "3.0"
        },
        "com.googlecode.json-simple:json-simple": {
            "locked": "1.1",
            "requested": "1.1"
        },
        "com.netflix.archaius:archaius-core": {
            "locked": "0.6.0",
            "requested": "0.6.0"
        },
        "com.netflix.astyanax:astyanax": {
            "locked": "2.0.1",
            "requested": "2.0.1"
        },
        "com.netflix.karyon:karyon-core": {
            "locked": "1.0.3",
            "requested": "1.0.3"
        },
        "com.netflix.servo:servo-core": {
            "locked": "0.5.5",
            "requested": "0.5.5"
        },
        "com.ning:compress-lzf": {
            "locked": "0.9.5",
            "requested": "0.9.5"
        },
        "com.sun.jersey.contribs:jersey-guice": {
            "locked": "1.9.1",
            "requested": "1.9.1"
        },
        "com.sun.jersey:jersey-core": {
            "locked": "1.17.1",
            "requested": "1.17.1"
        },
        "com.sun.jersey:jersey-server": {
            "locked": "1.17.1",
            "requested": "1.17.1"
        },
        "commons-cli:commons-cli": {
            "locked": "1.3.1",
            "requested": "latest.release"
        },
        "commons-configuration:commons-configuration": {
            "locked": "1.8",
            "requested": "1.5"
        },
        "commons-httpclient:commons-httpclient": {
            "locked": "3.1",
            "requested": "3.1"
        },
        "commons-io:commons-io": {
            "locked": "2.5",
            "requested": "latest.release"
        },
        "javax.servlet:servlet-api": {
            "locked": "2.5",
            "requested": "2.5"
        },
        "javax.ws.rs:jsr311-api": {
            "locked": "1.1.1",
            "requested": "1.1.1"
        },
        "joda-time:joda-time": {
            "locked": "2.8.1",
            "requested": "2.0"
        },
        "junit:junit": {
            "locked": "4.11",
            "requested": "4.11"
        },
        "net.java.dev.jna:jna": {
            "locked": "3.2.3",
            "requested": "3.2.3"
        },
        "org.apache.cassandra:cassandra-thrift": {
            "locked": "1.2.11",
            "requested": "1.2.11"
        },
        "org.apache.httpcomponents:httpcore": {
            "locked": "4.3.3",
            "requested": "4.2.2"
        },
        "org.quartz-scheduler:quartz": {
            "locked": "1.7.3",
            "requested": "1.7.3"
        },
        "org.slf4j:slf4j-api": {
            "locked": "1.7.5",
            "requested": "1.6.1"
        },
        "org.slf4j:slf4j-log4j12": {
            "locked": "1.7.2",
            "requested": "1.6.1"
        },
        "org.xerial.snappy:snappy-java": {
            "locked": "1.0.5",
            "requested": "1.0.4.1"
        },
        "org.yaml:snakeyaml": {
            "locked": "1.17",
            "requested": "latest.release"
        },
        "redis.clients:jedis": {
            "locked": "2.7.3",
            "requested": "2.7.3"
        }
    },
    "compileClasspath": {
        "com.amazonaws:aws-java-sdk": {
            "locked": "1.10.59",
            "requested": "1.10.59"
        },
        "com.google.code.findbugs:jsr305": {
            "locked": "1.3.9",
            "requested": "1.3.9"
        },
        "com.google.guava:guava": {
            "locked": "19.0",
            "requested": "19.0"
        },
        "com.google.inject.extensions:guice-servlet": {
            "locked": "3.0",
            "requested": "3.0"
        },
        "com.google.inject:guice": {
            "locked": "3.0",
            "requested": "3.0"
        },
        "com.googlecode.json-simple:json-simple": {
            "locked": "1.1",
            "requested": "1.1"
        },
        "com.netflix.archaius:archaius-core": {
            "locked": "0.6.0",
            "requested": "0.6.0"
        },
        "com.netflix.astyanax:astyanax": {
            "locked": "2.0.1",
            "requested": "2.0.1"
        },
        "com.netflix.karyon:karyon-core": {
            "locked": "1.0.3",
            "requested": "1.0.3"
        },
        "com.netflix.servo:servo-core": {
            "locked": "0.5.5",
            "requested": "0.5.5"
        },
        "com.ning:compress-lzf": {
            "locked": "0.9.5",
            "requested": "0.9.5"
        },
        "com.sun.jersey.contribs:jersey-guice": {
            "locked": "1.9.1",
            "requested": "1.9.1"
        },
        "com.sun.jersey:jersey-core": {
            "locked": "1.17.1",
            "requested": "1.17.1"
        },
        "com.sun.jersey:jersey-server": {
            "locked": "1.17.1",
            "requested": "1.17.1"
        },
        "commons-cli:commons-cli": {
            "locked": "1.3.1",
            "requested": "latest.release"
        },
        "commons-configuration:commons-configuration": {
            "locked": "1.8",
            "requested": "1.5"
        },
        "commons-httpclient:commons-httpclient": {
            "locked": "3.1",
            "requested": "3.1"
        },
        "commons-io:commons-io": {
            "locked": "2.5",
            "requested": "latest.release"
        },
        "javax.servlet:servlet-api": {
            "locked": "2.5",
            "requested": "2.5"
        },
        "javax.ws.rs:jsr311-api": {
            "locked": "1.1.1",
            "requested": "1.1.1"
        },
        "joda-time:joda-time": {
            "locked": "2.8.1",
            "requested": "2.0"
        },
        "junit:junit": {
            "locked": "4.11",
            "requested": "4.11"
        },
        "net.java.dev.jna:jna": {
            "locked": "3.2.3",
            "requested": "3.2.3"
        },
        "org.apache.cassandra:cassandra-thrift": {
            "locked": "1.2.11",
            "requested": "1.2.11"
        },
        "org.apache.httpcomponents:httpcore": {
            "locked": "4.3.3",
            "requested": "4.2.2"
        },
        "org.quartz-scheduler:quartz": {
            "locked": "1.7.3",
            "requested": "1.7.3"
        },
        "org.slf4j:slf4j-api": {
            "locked": "1.7.5",
            "requested": "1.6.1"
        },
        "org.slf4j:slf4j-log4j12": {
            "locked": "1.7.2",
            "requested": "1.6.1"
        },
        "org.xerial.snappy:snappy-java": {
            "locked": "1.0.5",
            "requested": "1.0.4.1"
        },
        "org.yaml:snakeyaml": {
            "locked": "1.17",
            "requested": "latest.release"
        },
        "redis.clients:jedis": {
            "locked": "2.7.3",
            "requested": "2.7.3"
        }
    },
    "compileOnly": {
        "com.amazonaws:aws-java-sdk": {
            "locked": "1.10.59",
            "requested": "1.10.59"
        },
        "com.google.code.findbugs:jsr305": {
            "locked": "1.3.9",
            "requested": "1.3.9"
        },
        "com.google.guava:guava": {
            "locked": "19.0",
            "requested": "19.0"
        },
        "com.google.inject.extensions:guice-servlet": {
            "locked": "3.0",
            "requested": "3.0"
        },
        "com.google.inject:guice": {
            "locked": "3.0",
            "requested": "3.0"
        },
        "com.googlecode.json-simple:json-simple": {
            "locked": "1.1",
            "requested": "1.1"
        },
        "com.netflix.archaius:archaius-core": {
            "locked": "0.6.0",
            "requested": "0.6.0"
        },
        "com.netflix.astyanax:astyanax": {
            "locked": "2.0.1",
            "requested": "2.0.1"
        },
        "com.netflix.karyon:karyon-core": {
            "locked": "1.0.3",
            "requested": "1.0.3"
        },
        "com.netflix.servo:servo-core": {
            "locked": "0.5.5",
            "requested": "0.5.5"
        },
        "com.ning:compress-lzf": {
            "locked": "0.9.5",
            "requested": "0.9.5"
        },
        "com.sun.jersey.contribs:jersey-guice": {
            "locked": "1.9.1",
            "requested": "1.9.1"
        },
        "com.sun.jersey:jersey-core": {
            "locked": "1.17.1",
            "requested": "1.17.1"
        },
        "com.sun.jersey:jersey-server": {
            "locked": "1.17.1",
            "requested": "1.17.1"
        },
        "commons-cli:commons-cli": {
            "locked": "1.3.1",
            "requested": "latest.release"
        },
        "commons-configuration:commons-configuration": {
            "locked": "1.8",
            "requested": "1.5"
        },
        "commons-httpclient:commons-httpclient": {
            "locked": "3.1",
            "requested": "3.1"
        },
        "commons-io:commons-io": {
            "locked": "2.5",
            "requested": "latest.release"
        },
        "javax.servlet:servlet-api": {
            "locked": "2.5",
            "requested": "2.5"
        },
        "javax.ws.rs:jsr311-api": {
            "locked": "1.1.1",
            "requested": "1.1.1"
        },
        "joda-time:joda-time": {
            "locked": "2.8.1",
            "requested": "2.0"
        },
        "junit:junit": {
            "locked": "4.11",
            "requested": "4.11"
        },
        "net.java.dev.jna:jna": {
            "locked": "3.2.3",
            "requested": "3.2.3"
        },
        "org.apache.cassandra:cassandra-thrift": {
            "locked": "1.2.11",
            "requested": "1.2.11"
        },
        "org.apache.httpcomponents:httpcore": {
            "locked": "4.3.3",
            "requested": "4.2.2"
        },
        "org.quartz-scheduler:quartz": {
            "locked": "1.7.3",
            "requested": "1.7.3"
        },
        "org.slf4j:slf4j-api": {
            "locked": "1.7.5",
            "requested": "1.6.1"
        },
        "org.slf4j:slf4j-log4j12": {
            "locked": "1.7.2",
            "requested": "1.6.1"
        },
        "org.xerial.snappy:snappy-java": {
            "locked": "1.0.5",
            "requested": "1.0.4.1"
        },
        "org.yaml:snakeyaml": {
            "locked": "1.17",
            "requested": "latest.release"
        },
        "redis.clients:jedis": {
            "locked": "2.7.3",
            "requested": "2.7.3"
        }
    },
    "default": {
        "com.amazonaws:aws-java-sdk": {
            "locked": "1.10.59",
            "requested": "1.10.59"
        },
        "com.google.code.findbugs:jsr305": {
            "locked": "1.3.9",
            "requested": "1.3.9"
        },
        "com.google.guava:guava": {
            "locked": "19.0",
            "requested": "19.0"
        },
        "com.google.inject.extensions:guice-servlet": {
            "locked": "3.0",
            "requested": "3.0"
        },
        "com.google.inject:guice": {
            "locked": "3.0",
            "requested": "3.0"
        },
        "com.googlecode.json-simple:json-simple": {
            "locked": "1.1",
            "requested": "1.1"
        },
        "com.netflix.archaius:archaius-core": {
            "locked": "0.6.0",
            "requested": "0.6.0"
        },
        "com.netflix.astyanax:astyanax": {
            "locked": "2.0.1",
            "requested": "2.0.1"
        },
        "com.netflix.karyon:karyon-core": {
            "locked": "1.0.3",
            "requested": "1.0.3"
        },
        "com.netflix.servo:servo-core": {
            "locked": "0.5.5",
            "requested": "0.5.5"
        },
        "com.ning:compress-lzf": {
            "locked": "0.9.5",
            "requested": "0.9.5"
        },
        "com.sun.jersey.contribs:jersey-guice": {
            "locked": "1.9.1",
            "requested": "1.9.1"
        },
        "com.sun.jersey:jersey-core": {
            "locked": "1.17.1",
            "requested": "1.17.1"
        },
        "com.sun.jersey:jersey-server": {
            "locked": "1.17.1",
            "requested": "1.17.1"
        },
        "commons-cli:commons-cli": {
            "locked": "1.3.1",
            "requested": "latest.release"
        },
        "commons-configuration:commons-configuration": {
            "locked": "1.8",
            "requested": "1.5"
        },
        "commons-httpclient:commons-httpclient": {
            "locked": "3.1",
            "requested": "3.1"
        },
        "commons-io:commons-io": {
            "locked": "2.5",
            "requested": "latest.release"
        },
        "javax.servlet:servlet-api": {
            "project": true,
            "requested": "2.5"
        },
        "javax.ws.rs:jsr311-api": {
            "locked": "1.1.1",
            "requested": "1.1.1"
        },
        "joda-time:joda-time": {
            "locked": "2.8.1",
            "requested": "2.0"
        },
        "junit:junit": {
            "locked": "4.11",
            "requested": "4.11"
        },
        "net.java.dev.jna:jna": {
            "locked": "3.2.3",
            "requested": "3.2.3"
        },
        "org.apache.cassandra:cassandra-thrift": {
            "locked": "1.2.11",
            "requested": "1.2.11"
        },
        "org.apache.httpcomponents:httpcore": {
            "locked": "4.3.3",
            "requested": "4.2.2"
        },
        "org.quartz-scheduler:quartz": {
            "locked": "1.7.3",
            "requested": "1.7.3"
        },
        "org.slf4j:slf4j-api": {
            "locked": "1.7.5",
            "requested": "1.6.1"
        },
        "org.slf4j:slf4j-log4j12": {
            "locked": "1.7.2",
            "requested": "1.6.1"
        },
        "org.xerial.snappy:snappy-java": {
            "locked": "1.0.5",
            "requested": "1.0.4.1"
        },
        "org.yaml:snakeyaml": {
            "locked": "1.17",
            "requested": "latest.release"
        },
        "redis.clients:jedis": {
            "locked": "2.7.3",
            "requested": "2.7.3"
        },
        "xerces:xercesImpl": {
            "locked": "2.4.0",
            "requested": "2.4.0"
        }
    },
    "provided": {
        "javax.servlet:servlet-api": {
            "locked": "2.5",
            "requested": "2.5"
        }
    },
    "runtime": {
        "com.amazonaws:aws-java-sdk": {
            "locked": "1.10.59",
            "requested": "1.10.59"
        },
        "com.google.code.findbugs:jsr305": {
            "locked": "1.3.9",
            "requested": "1.3.9"
        },
        "com.google.guava:guava": {
            "locked": "19.0",
            "requested": "19.0"
        },
        "com.google.inject.extensions:guice-servlet": {
            "locked": "3.0",
            "requested": "3.0"
        },
        "com.google.inject:guice": {
            "locked": "3.0",
            "requested": "3.0"
        },
        "com.googlecode.json-simple:json-simple": {
            "locked": "1.1",
            "requested": "1.1"
        },
        "com.netflix.archaius:archaius-core": {
            "locked": "0.6.0",
            "requested": "0.6.0"
        },
        "com.netflix.astyanax:astyanax": {
            "locked": "2.0.1",
            "requested": "2.0.1"
        },
        "com.netflix.karyon:karyon-core": {
            "locked": "1.0.3",
            "requested": "1.0.3"
        },
        "com.netflix.servo:servo-core": {
            "locked": "0.5.5",
            "requested": "0.5.5"
        },
        "com.ning:compress-lzf": {
            "locked": "0.9.5",
            "requested": "0.9.5"
        },
        "com.sun.jersey.contribs:jersey-guice": {
            "locked": "1.9.1",
            "requested": "1.9.1"
        },
        "com.sun.jersey:jersey-core": {
            "locked": "1.17.1",
            "requested": "1.17.1"
        },
        "com.sun.jersey:jersey-server": {
            "locked": "1.17.1",
            "requested": "1.17.1"
        },
        "commons-cli:commons-cli": {
            "locked": "1.3.1",
            "requested": "latest.release"
        },
        "commons-configuration:commons-configuration": {
            "locked": "1.8",
            "requested": "1.5"
        },
        "commons-httpclient:commons-httpclient": {
            "locked": "3.1",
            "requested": "3.1"
        },
        "commons-io:commons-io": {
            "locked": "2.5",
            "requested": "latest.release"
        },
        "javax.servlet:servlet-api": {
            "locked": "2.5",
            "requested": "2.5"
        },
        "javax.ws.rs:jsr311-api": {
            "locked": "1.1.1",
            "requested": "1.1.1"
        },
        "joda-time:joda-time": {
            "locked": "2.8.1",
            "requested": "2.0"
        },
        "junit:junit": {
            "locked": "4.11",
            "requested": "4.11"
        },
        "net.java.dev.jna:jna": {
            "locked": "3.2.3",
            "requested": "3.2.3"
        },
        "org.apache.cassandra:cassandra-thrift": {
            "locked": "1.2.11",
            "requested": "1.2.11"
        },
        "org.apache.httpcomponents:httpcore": {
            "locked": "4.3.3",
            "requested": "4.2.2"
        },
        "org.quartz-scheduler:quartz": {
            "locked": "1.7.3",
            "requested": "1.7.3"
        },
        "org.slf4j:slf4j-api": {
            "locked": "1.7.5",
            "requested": "1.6.1"
        },
        "org.slf4j:slf4j-log4j12": {
            "locked": "1.7.2",
            "requested": "1.6.1"
        },
        "org.xerial.snappy:snappy-java": {
            "locked": "1.0.5",
            "requested": "1.0.4.1"
        },
        "org.yaml:snakeyaml": {
            "locked": "1.17",
            "requested": "latest.release"
        },
        "redis.clients:jedis": {
            "locked": "2.7.3",
            "requested": "2.7.3"
        },
        "xerces:xercesImpl": {
            "locked": "2.4.0",
            "requested": "2.4.0"
        }
    },
    "test": {
        "com.amazonaws:aws-java-sdk": {
            "locked": "1.10.59",
            "requested": "1.10.59"
        },
        "com.google.code.findbugs:jsr305": {
            "locked": "1.3.9",
            "requested": "1.3.9"
        },
        "com.google.guava:guava": {
            "locked": "19.0",
            "requested": "19.0"
        },
        "com.google.inject.extensions:guice-servlet": {
            "locked": "3.0",
            "requested": "3.0"
        },
        "com.google.inject:guice": {
            "locked": "3.0",
            "requested": "3.0"
        },
        "com.googlecode.json-simple:json-simple": {
            "locked": "1.1",
            "requested": "1.1"
        },
        "com.netflix.archaius:archaius-core": {
            "locked": "0.6.0",
            "requested": "0.6.0"
        },
        "com.netflix.astyanax:astyanax": {
            "locked": "2.0.1",
            "requested": "2.0.1"
        },
        "com.netflix.karyon:karyon-core": {
            "locked": "1.0.3",
            "requested": "1.0.3"
        },
        "com.netflix.servo:servo-core": {
            "locked": "0.5.5",
            "requested": "0.5.5"
        },
        "com.ning:compress-lzf": {
            "locked": "0.9.5",
            "requested": "0.9.5"
        },
        "com.sun.jersey.contribs:jersey-guice": {
            "locked": "1.9.1",
            "requested": "1.9.1"
        },
        "com.sun.jersey:jersey-core": {
            "locked": "1.17.1",
            "requested": "1.17.1"
        },
        "com.sun.jersey:jersey-server": {
            "locked": "1.17.1",
            "requested": "1.17.1"
        },
        "commons-cli:commons-cli": {
            "locked": "1.3.1",
            "requested": "latest.release"
        },
        "commons-configuration:commons-configuration": {
            "locked": "1.8",
            "requested": "1.5"
        },
        "commons-httpclient:commons-httpclient": {
            "locked": "3.1",
            "requested": "3.1"
        },
        "commons-io:commons-io": {
            "locked": "2.5",
            "requested": "latest.release"
        },
        "javax.servlet:servlet-api": {
            "locked": "2.5",
            "requested": "2.5"
        },
        "javax.ws.rs:jsr311-api": {
            "locked": "1.1.1",
            "requested": "1.1.1"
        },
        "joda-time:joda-time": {
            "locked": "2.8.1",
            "requested": "2.0"
        },
        "junit:junit": {
            "locked": "4.11",
            "requested": "4.11"
        },
        "net.java.dev.jna:jna": {
            "locked": "3.2.3",
            "requested": "3.2.3"
        },
        "org.apache.cassandra:cassandra-thrift": {
            "locked": "1.2.11",
            "requested": "1.2.11"
        },
        "org.apache.httpcomponents:httpcore": {
            "locked": "4.3.3",
            "requested": "4.2.2"
        },
        "org.jmockit:jmockit": {
            "locked": "1.28",
            "requested": "1.28"
        },
        "org.quartz-scheduler:quartz": {
            "locked": "1.7.3",
            "requested": "1.7.3"
        },
        "org.slf4j:slf4j-api": {
            "locked": "1.7.5",
            "requested": "1.6.1"
        },
        "org.slf4j:slf4j-log4j12": {
            "locked": "1.7.2",
            "requested": "1.6.1"
        },
        "org.xerial.snappy:snappy-java": {
            "locked": "1.0.5",
            "requested": "1.0.4.1"
        },
        "org.yaml:snakeyaml": {
            "locked": "1.17",
            "requested": "latest.release"
        },
        "redis.clients:jedis": {
            "locked": "2.7.3",
            "requested": "2.7.3"
        },
        "xerces:xercesImpl": {
            "locked": "2.4.0",
            "requested": "2.4.0"
        }
    },
    "testCompile": {
        "com.amazonaws:aws-java-sdk": {
            "locked": "1.10.59",
            "requested": "1.10.59"
        },
        "com.google.code.findbugs:jsr305": {
            "locked": "1.3.9",
            "requested": "1.3.9"
        },
        "com.google.guava:guava": {
            "locked": "19.0",
            "requested": "19.0"
        },
        "com.google.inject.extensions:guice-servlet": {
            "locked": "3.0",
            "requested": "3.0"
        },
        "com.google.inject:guice": {
            "locked": "3.0",
            "requested": "3.0"
        },
        "com.googlecode.json-simple:json-simple": {
            "locked": "1.1",
            "requested": "1.1"
        },
        "com.netflix.archaius:archaius-core": {
            "locked": "0.6.0",
            "requested": "0.6.0"
        },
        "com.netflix.astyanax:astyanax": {
            "locked": "2.0.1",
            "requested": "2.0.1"
        },
        "com.netflix.karyon:karyon-core": {
            "locked": "1.0.3",
            "requested": "1.0.3"
        },
        "com.netflix.servo:servo-core": {
            "locked": "0.5.5",
            "requested": "0.5.5"
        },
        "com.ning:compress-lzf": {
            "locked": "0.9.5",
            "requested": "0.9.5"
        },
        "com.sun.jersey.contribs:jersey-guice": {
            "locked": "1.9.1",
            "requested": "1.9.1"
        },
        "com.sun.jersey:jersey-core": {
            "locked": "1.17.1",
            "requested": "1.17.1"
        },
        "com.sun.jersey:jersey-server": {
            "locked": "1.17.1",
            "requested": "1.17.1"
        },
        "commons-cli:commons-cli": {
            "locked": "1.3.1",
            "requested": "latest.release"
        },
        "commons-configuration:commons-configuration": {
            "locked": "1.8",
            "requested": "1.5"
        },
        "commons-httpclient:commons-httpclient": {
            "locked": "3.1",
            "requested": "3.1"
        },
        "commons-io:commons-io": {
            "locked": "2.5",
            "requested": "latest.release"
        },
        "javax.servlet:servlet-api": {
            "locked": "2.5",
            "requested": "2.5"
        },
        "javax.ws.rs:jsr311-api": {
            "locked": "1.1.1",
            "requested": "1.1.1"
        },
        "joda-time:joda-time": {
            "locked": "2.8.1",
            "requested": "2.0"
        },
        "junit:junit": {
            "locked": "4.11",
            "requested": "4.11"
        },
        "net.java.dev.jna:jna": {
            "locked": "3.2.3",
            "requested": "3.2.3"
        },
        "org.apache.cassandra:cassandra-thrift": {
            "locked": "1.2.11",
            "requested": "1.2.11"
        },
        "org.apache.httpcomponents:httpcore": {
            "locked": "4.3.3",
            "requested": "4.2.2"
        },
        "org.jmockit:jmockit": {
            "locked": "1.28",
            "requested": "1.28"
        },
        "org.quartz-scheduler:quartz": {
            "locked": "1.7.3",
            "requested": "1.7.3"
        },
        "org.slf4j:slf4j-api": {
            "locked": "1.7.5",
            "requested": "1.6.1"
        },
        "org.slf4j:slf4j-log4j12": {
            "locked": "1.7.2",
            "requested": "1.6.1"
        },
        "org.xerial.snappy:snappy-java": {
            "locked": "1.0.5",
            "requested": "1.0.4.1"
        },
        "org.yaml:snakeyaml": {
            "locked": "1.17",
            "requested": "latest.release"
        },
        "redis.clients:jedis": {
            "locked": "2.7.3",
            "requested": "2.7.3"
        }
    },
    "testCompileClasspath": {
        "com.amazonaws:aws-java-sdk": {
            "locked": "1.10.59",
            "requested": "1.10.59"
        },
        "com.google.code.findbugs:jsr305": {
            "locked": "1.3.9",
            "requested": "1.3.9"
        },
        "com.google.guava:guava": {
            "locked": "19.0",
            "requested": "19.0"
        },
        "com.google.inject.extensions:guice-servlet": {
            "locked": "3.0",
            "requested": "3.0"
        },
        "com.google.inject:guice": {
            "locked": "3.0",
            "requested": "3.0"
        },
        "com.googlecode.json-simple:json-simple": {
            "locked": "1.1",
            "requested": "1.1"
        },
        "com.netflix.archaius:archaius-core": {
            "locked": "0.6.0",
            "requested": "0.6.0"
        },
        "com.netflix.astyanax:astyanax": {
            "locked": "2.0.1",
            "requested": "2.0.1"
        },
        "com.netflix.karyon:karyon-core": {
            "locked": "1.0.3",
            "requested": "1.0.3"
        },
        "com.netflix.servo:servo-core": {
            "locked": "0.5.5",
            "requested": "0.5.5"
        },
        "com.ning:compress-lzf": {
            "locked": "0.9.5",
            "requested": "0.9.5"
        },
        "com.sun.jersey.contribs:jersey-guice": {
            "locked": "1.9.1",
            "requested": "1.9.1"
        },
        "com.sun.jersey:jersey-core": {
            "locked": "1.17.1",
            "requested": "1.17.1"
        },
        "com.sun.jersey:jersey-server": {
            "locked": "1.17.1",
            "requested": "1.17.1"
        },
        "commons-cli:commons-cli": {
            "locked": "1.3.1",
            "requested": "latest.release"
        },
        "commons-configuration:commons-configuration": {
            "locked": "1.8",
            "requested": "1.5"
        },
        "commons-httpclient:commons-httpclient": {
            "locked": "3.1",
            "requested": "3.1"
        },
        "commons-io:commons-io": {
            "locked": "2.5",
            "requested": "latest.release"
        },
        "javax.servlet:servlet-api": {
            "locked": "2.5",
            "requested": "2.5"
        },
        "javax.ws.rs:jsr311-api": {
            "locked": "1.1.1",
            "requested": "1.1.1"
        },
        "joda-time:joda-time": {
            "locked": "2.8.1",
            "requested": "2.0"
        },
        "junit:junit": {
            "locked": "4.11",
            "requested": "4.11"
        },
        "net.java.dev.jna:jna": {
            "locked": "3.2.3",
            "requested": "3.2.3"
        },
        "org.apache.cassandra:cassandra-thrift": {
            "locked": "1.2.11",
            "requested": "1.2.11"
        },
        "org.apache.httpcomponents:httpcore": {
            "locked": "4.3.3",
            "requested": "4.2.2"
        },
        "org.jmockit:jmockit": {
            "locked": "1.28",
            "requested": "1.28"
        },
        "org.quartz-scheduler:quartz": {
            "locked": "1.7.3",
            "requested": "1.7.3"
        },
        "org.slf4j:slf4j-api": {
            "locked": "1.7.5",
            "requested": "1.6.1"
        },
        "org.slf4j:slf4j-log4j12": {
            "locked": "1.7.2",
            "requested": "1.6.1"
        },
        "org.xerial.snappy:snappy-java": {
            "locked": "1.0.5",
            "requested": "1.0.4.1"
        },
        "org.yaml:snakeyaml": {
            "locked": "1.17",
            "requested": "latest.release"
        },
        "redis.clients:jedis": {
            "locked": "2.7.3",
            "requested": "2.7.3"
        }
    },
    "testCompileOnly": {
        "com.amazonaws:aws-java-sdk": {
            "locked": "1.10.59",
            "requested": "1.10.59"
        },
        "com.google.code.findbugs:jsr305": {
            "locked": "1.3.9",
            "requested": "1.3.9"
        },
        "com.google.guava:guava": {
            "locked": "19.0",
            "requested": "19.0"
        },
        "com.google.inject.extensions:guice-servlet": {
            "locked": "3.0",
            "requested": "3.0"
        },
        "com.google.inject:guice": {
            "locked": "3.0",
            "requested": "3.0"
        },
        "com.googlecode.json-simple:json-simple": {
            "locked": "1.1",
            "requested": "1.1"
        },
        "com.netflix.archaius:archaius-core": {
            "locked": "0.6.0",
            "requested": "0.6.0"
        },
        "com.netflix.astyanax:astyanax": {
            "locked": "2.0.1",
            "requested": "2.0.1"
        },
        "com.netflix.karyon:karyon-core": {
            "locked": "1.0.3",
            "requested": "1.0.3"
        },
        "com.netflix.servo:servo-core": {
            "locked": "0.5.5",
            "requested": "0.5.5"
        },
        "com.ning:compress-lzf": {
            "locked": "0.9.5",
            "requested": "0.9.5"
        },
        "com.sun.jersey.contribs:jersey-guice": {
            "locked": "1.9.1",
            "requested": "1.9.1"
        },
        "com.sun.jersey:jersey-core": {
            "locked": "1.17.1",
            "requested": "1.17.1"
        },
        "com.sun.jersey:jersey-server": {
            "locked": "1.17.1",
            "requested": "1.17.1"
        },
        "commons-cli:commons-cli": {
            "locked": "1.3.1",
            "requested": "latest.release"
        },
        "commons-configuration:commons-configuration": {
            "locked": "1.8",
            "requested": "1.5"
        },
        "commons-httpclient:commons-httpclient": {
            "locked": "3.1",
            "requested": "3.1"
        },
        "commons-io:commons-io": {
            "locked": "2.5",
            "requested": "latest.release"
        },
        "javax.servlet:servlet-api": {
            "locked": "2.5",
            "requested": "2.5"
        },
        "javax.ws.rs:jsr311-api": {
            "locked": "1.1.1",
            "requested": "1.1.1"
        },
        "joda-time:joda-time": {
            "locked": "2.8.1",
            "requested": "2.0"
        },
        "junit:junit": {
            "locked": "4.11",
            "requested": "4.11"
        },
        "net.java.dev.jna:jna": {
            "locked": "3.2.3",
            "requested": "3.2.3"
        },
        "org.apache.cassandra:cassandra-thrift": {
            "locked": "1.2.11",
            "requested": "1.2.11"
        },
        "org.apache.httpcomponents:httpcore": {
            "locked": "4.3.3",
            "requested": "4.2.2"
        },
        "org.jmockit:jmockit": {
            "locked": "1.28",
            "requested": "1.28"
        },
        "org.quartz-scheduler:quartz": {
            "locked": "1.7.3",
            "requested": "1.7.3"
        },
        "org.slf4j:slf4j-api": {
            "locked": "1.7.5",
            "requested": "1.6.1"
        },
        "org.slf4j:slf4j-log4j12": {
            "locked": "1.7.2",
            "requested": "1.6.1"
        },
        "org.xerial.snappy:snappy-java": {
            "locked": "1.0.5",
            "requested": "1.0.4.1"
        },
        "org.yaml:snakeyaml": {
            "locked": "1.17",
            "requested": "latest.release"
        },
        "redis.clients:jedis": {
            "locked": "2.7.3",
            "requested": "2.7.3"
        }
    },
    "testRuntime": {
        "com.amazonaws:aws-java-sdk": {
            "locked": "1.10.59",
            "requested": "1.10.59"
        },
        "com.google.code.findbugs:jsr305": {
            "locked": "1.3.9",
            "requested": "1.3.9"
        },
        "com.google.guava:guava": {
            "locked": "19.0",
            "requested": "19.0"
        },
        "com.google.inject.extensions:guice-servlet": {
            "locked": "3.0",
            "requested": "3.0"
        },
        "com.google.inject:guice": {
            "locked": "3.0",
            "requested": "3.0"
        },
        "com.googlecode.json-simple:json-simple": {
            "locked": "1.1",
            "requested": "1.1"
        },
        "com.netflix.archaius:archaius-core": {
            "locked": "0.6.0",
            "requested": "0.6.0"
        },
        "com.netflix.astyanax:astyanax": {
            "locked": "2.0.1",
            "requested": "2.0.1"
        },
        "com.netflix.karyon:karyon-core": {
            "locked": "1.0.3",
            "requested": "1.0.3"
        },
        "com.netflix.servo:servo-core": {
            "locked": "0.5.5",
            "requested": "0.5.5"
        },
        "com.ning:compress-lzf": {
            "locked": "0.9.5",
            "requested": "0.9.5"
        },
        "com.sun.jersey.contribs:jersey-guice": {
            "locked": "1.9.1",
            "requested": "1.9.1"
        },
        "com.sun.jersey:jersey-core": {
            "locked": "1.17.1",
            "requested": "1.17.1"
        },
        "com.sun.jersey:jersey-server": {
            "locked": "1.17.1",
            "requested": "1.17.1"
        },
        "commons-cli:commons-cli": {
            "locked": "1.3.1",
            "requested": "latest.release"
        },
        "commons-configuration:commons-configuration": {
            "locked": "1.8",
            "requested": "1.5"
        },
        "commons-httpclient:commons-httpclient": {
            "locked": "3.1",
            "requested": "3.1"
        },
        "commons-io:commons-io": {
            "locked": "2.5",
            "requested": "latest.release"
        },
        "javax.servlet:servlet-api": {
            "locked": "2.5",
            "requested": "2.5"
        },
        "javax.ws.rs:jsr311-api": {
            "locked": "1.1.1",
            "requested": "1.1.1"
        },
        "joda-time:joda-time": {
            "locked": "2.8.1",
            "requested": "2.0"
        },
        "junit:junit": {
            "locked": "4.11",
            "requested": "4.11"
        },
        "net.java.dev.jna:jna": {
            "locked": "3.2.3",
            "requested": "3.2.3"
        },
        "org.apache.cassandra:cassandra-thrift": {
            "locked": "1.2.11",
            "requested": "1.2.11"
        },
        "org.apache.httpcomponents:httpcore": {
            "locked": "4.3.3",
            "requested": "4.2.2"
        },
        "org.jmockit:jmockit": {
            "locked": "1.28",
            "requested": "1.28"
        },
        "org.quartz-scheduler:quartz": {
            "locked": "1.7.3",
            "requested": "1.7.3"
        },
        "org.slf4j:slf4j-api": {
            "locked": "1.7.5",
            "requested": "1.6.1"
        },
        "org.slf4j:slf4j-log4j12": {
            "locked": "1.7.2",
            "requested": "1.6.1"
        },
        "org.xerial.snappy:snappy-java": {
            "locked": "1.0.5",
            "requested": "1.0.4.1"
        },
        "org.yaml:snakeyaml": {
            "locked": "1.17",
            "requested": "latest.release"
        },
        "redis.clients:jedis": {
            "locked": "2.7.3",
            "requested": "2.7.3"
        },
        "xerces:xercesImpl": {
            "locked": "2.4.0",
            "requested": "2.4.0"
        }
    }
}